
Microsoft Visual Studio Solution File, Format Version 12.00
# Visual Studio Version 17
VisualStudioVersion = 17.1.32210.238
MinimumVisualStudioVersion = 10.0.40219.1
Project("{9A19103F-16F7-4668-BE54-9A1E7A4F7556}") = "MessagingAPI", "MessagingAPI\MessagingAPI.csproj", "{55F9D6E0-7ADC-460A-833E-C51997921C67}"
EndProject
Project("{9A19103F-16F7-4668-BE54-9A1E7A4F7556}") = "MessagingWebAPI", "MessagingWebAPI\MessagingWebAPI.csproj", "{73EC85D3-070D-4C6B-82FB-9DFB32138B88}"
	ProjectSection(ProjectDependencies) = postProject
		{49C3E4FA-AECC-4F4A-BEA9-FCBD750C31B8} = {49C3E4FA-AECC-4F4A-BEA9-FCBD750C31B8}
	EndProjectSection
EndProject
Project("{9A19103F-16F7-4668-BE54-9A1E7A4F7556}") = "MessagingContracts", "MessagingContracts\MessagingContracts.csproj", "{6C381BB9-790A-4C3A-8AFC-720C91A08326}"
EndProject
Project("{9A19103F-16F7-4668-BE54-9A1E7A4F7556}") = "MessagingProcessor", "MessagingProcessor\MessagingProcessor.csproj", "{49C3E4FA-AECC-4F4A-BEA9-FCBD750C31B8}"
	ProjectSection(ProjectDependencies) = postProject
		{6C381BB9-790A-4C3A-8AFC-720C91A08326} = {6C381BB9-790A-4C3A-8AFC-720C91A08326}
	EndProjectSection
EndProject
Project("{9A19103F-16F7-4668-BE54-9A1E7A4F7556}") = "MessagingTest", "MessagingTest\MessagingTest.csproj", "{6CA8B652-0763-44A7-AC30-EB16A056C4A7}"
EndProject
Project("{2150E333-8FDC-42A3-9474-1A3956D46DE8}") = "Solution Items", "Solution Items", "{5493574D-9594-4B4A-BE22-097108699724}"
	ProjectSection(SolutionItems) = preProject
		README.md = README.md
	EndProjectSection
EndProject
Global
	GlobalSection(SolutionConfigurationPlatforms) = preSolution
		Debug|Any CPU = Debug|Any CPU
		Release|Any CPU = Release|Any CPU
	EndGlobalSection
	GlobalSection(ProjectConfigurationPlatforms) = postSolution
		{55F9D6E0-7ADC-460A-833E-C51997921C67}.Debug|Any CPU.ActiveCfg = Debug|Any CPU
		{55F9D6E0-7ADC-460A-833E-C51997921C67}.Debug|Any CPU.Build.0 = Debug|Any CPU
		{55F9D6E0-7ADC-460A-833E-C51997921C67}.Release|Any CPU.ActiveCfg = Release|Any CPU
		{55F9D6E0-7ADC-460A-833E-C51997921C67}.Release|Any CPU.Build.0 = Release|Any CPU
		{73EC85D3-070D-4C6B-82FB-9DFB32138B88}.Debug|Any CPU.ActiveCfg = Debug|Any CPU
		{73EC85D3-070D-4C6B-82FB-9DFB32138B88}.Debug|Any CPU.Build.0 = Debug|Any CPU
		{73EC85D3-070D-4C6B-82FB-9DFB32138B88}.Release|Any CPU.ActiveCfg = Release|Any CPU
		{73EC85D3-070D-4C6B-82FB-9DFB32138B88}.Release|Any CPU.Build.0 = Release|Any CPU
		{6C381BB9-790A-4C3A-8AFC-720C91A08326}.Debug|Any CPU.ActiveCfg = Debug|Any CPU
		{6C381BB9-790A-4C3A-8AFC-720C91A08326}.Debug|Any CPU.Build.0 = Debug|Any CPU
		{6C381BB9-790A-4C3A-8AFC-720C91A08326}.Release|Any CPU.ActiveCfg = Release|Any CPU
		{6C381BB9-790A-4C3A-8AFC-720C91A08326}.Release|Any CPU.Build.0 = Release|Any CPU
		{49C3E4FA-AECC-4F4A-BEA9-FCBD750C31B8}.Debug|Any CPU.ActiveCfg = Debug|Any CPU
		{49C3E4FA-AECC-4F4A-BEA9-FCBD750C31B8}.Debug|Any CPU.Build.0 = Debug|Any CPU
		{49C3E4FA-AECC-4F4A-BEA9-FCBD750C31B8}.Release|Any CPU.ActiveCfg = Release|Any CPU
		{49C3E4FA-AECC-4F4A-BEA9-FCBD750C31B8}.Release|Any CPU.Build.0 = Release|Any CPU
		{6CA8B652-0763-44A7-AC30-EB16A056C4A7}.Debug|Any CPU.ActiveCfg = Debug|Any CPU
		{6CA8B652-0763-44A7-AC30-EB16A056C4A7}.Debug|Any CPU.Build.0 = Debug|Any CPU
		{6CA8B652-0763-44A7-AC30-EB16A056C4A7}.Release|Any CPU.ActiveCfg = Release|Any CPU
		{6CA8B652-0763-44A7-AC30-EB16A056C4A7}.Release|Any CPU.Build.0 = Release|Any CPU
	EndGlobalSection
	GlobalSection(SolutionProperties) = preSolution
		HideSolutionNode = FALSE
	EndGlobalSection
	GlobalSection(ExtensibilityGlobals) = postSolution
		SolutionGuid = {A7C0B3E7-6070-4610-A96A-BB661CCDB7AF}
	EndGlobalSection
EndGlobal
